// !$*UTF8*$!
{
	archiveVersion = 1;
	classes = {
	};
	objectVersion = 46;
	objects = {

/* Begin PBXBuildFile section */
		110E8C6F1EC43FE900E18803 /* main.m in Sources */ = {isa = PBXBuildFile; fileRef = 110E8C6E1EC43FE900E18803 /* main.m */; };
		110E8C721EC43FE900E18803 /* AppDelegate.m in Sources */ = {isa = PBXBuildFile; fileRef = 110E8C711EC43FE900E18803 /* AppDelegate.m */; };
		110E8C751EC43FE900E18803 /* ViewController.m in Sources */ = {isa = PBXBuildFile; fileRef = 110E8C741EC43FE900E18803 /* ViewController.m */; };
		110E8C781EC43FE900E18803 /* Main.storyboard in Resources */ = {isa = PBXBuildFile; fileRef = 110E8C761EC43FE900E18803 /* Main.storyboard */; };
		110E8C7A1EC43FE900E18803 /* Assets.xcassets in Resources */ = {isa = PBXBuildFile; fileRef = 110E8C791EC43FE900E18803 /* Assets.xcassets */; };
		110E8C7D1EC43FE900E18803 /* LaunchScreen.storyboard in Resources */ = {isa = PBXBuildFile; fileRef = 110E8C7B1EC43FE900E18803 /* LaunchScreen.storyboard */; };
		110E8C881EC43FE900E18803 /* edddsTests.m in Sources */ = {isa = PBXBuildFile; fileRef = 110E8C871EC43FE900E18803 /* edddsTests.m */; };
		110E8C931EC43FE900E18803 /* edddsUITests.m in Sources */ = {isa = PBXBuildFile; fileRef = 110E8C921EC43FE900E18803 /* edddsUITests.m */; };
/* End PBXBuildFile section */

/* Begin PBXContainerItemProxy section */
		110E8C841EC43FE900E18803 /* PBXContainerItemProxy */ = {
			isa = PBXContainerItemProxy;
			containerPortal = 110E8C621EC43FE900E18803 /* Project object */;
			proxyType = 1;
			remoteGlobalIDString = 110E8C691EC43FE900E18803;
			remoteInfo = eddds;
		};
		110E8C8F1EC43FE900E18803 /* PBXContainerItemProxy */ = {
			isa = PBXContainerItemProxy;
			containerPortal = 110E8C621EC43FE900E18803 /* Project object */;
			proxyType = 1;
			remoteGlobalIDString = 110E8C691EC43FE900E18803;
			remoteInfo = eddds;
		};
/* End PBXContainerItemProxy section */

/* Begin PBXFileReference section */
		110E8C6A1EC43FE900E18803 /* eddds.app */ = {isa = PBXFileReference; explicitFileType = wrapper.application; includeInIndex = 0; path = eddds.app; sourceTree = BUILT_PRODUCTS_DIR; };
		110E8C6E1EC43FE900E18803 /* main.m */ = {isa = PBXFileReference; lastKnownFileType = sourcecode.c.objc; path = main.m; sourceTree = "<group>"; };
		110E8C701EC43FE900E18803 /* AppDelegate.h */ = {isa = PBXFileReference; lastKnownFileType = sourcecode.c.h; path = AppDelegate.h; sourceTree = "<group>"; };
		110E8C711EC43FE900E18803 /* AppDelegate.m */ = {isa = PBXFileReference; lastKnownFileType = sourcecode.c.objc; path = AppDelegate.m; sourceTree = "<group>"; };
		110E8C731EC43FE900E18803 /* ViewController.h */ = {isa = PBXFileReference; lastKnownFileType = sourcecode.c.h; path = ViewController.h; sourceTree = "<group>"; };
		110E8C741EC43FE900E18803 /* ViewController.m */ = {isa = PBXFileReference; lastKnownFileType = sourcecode.c.objc; path = ViewController.m; sourceTree = "<group>"; };
		110E8C771EC43FE900E18803 /* Base */ = {isa = PBXFileReference; lastKnownFileType = file.storyboard; name = Base; path = Base.lproj/Main.storyboard; sourceTree = "<group>"; };
		110E8C791EC43FE900E18803 /* Assets.xcassets */ = {isa = PBXFileReference; lastKnownFileType = folder.assetcatalog; path = Assets.xcassets; sourceTree = "<group>"; };
		110E8C7C1EC43FE900E18803 /* Base */ = {isa = PBXFileReference; lastKnownFileType = file.storyboard; name = Base; path = Base.lproj/LaunchScreen.storyboard; sourceTree = "<group>"; };
		110E8C7E1EC43FE900E18803 /* Info.plist */ = {isa = PBXFileReference; lastKnownFileType = text.plist.xml; path = Info.plist; sourceTree = "<group>"; };
		110E8C831EC43FE900E18803 /* edddsTests.xctest */ = {isa = PBXFileReference; explicitFileType = wrapper.cfbundle; includeInIndex = 0; path = edddsTests.xctest; sourceTree = BUILT_PRODUCTS_DIR; };
		110E8C871EC43FE900E18803 /* edddsTests.m */ = {isa = PBXFileReference; lastKnownFileType = sourcecode.c.objc; path = edddsTests.m; sourceTree = "<group>"; };
		110E8C891EC43FE900E18803 /* Info.plist */ = {isa = PBXFileReference; lastKnownFileType = text.plist.xml; path = Info.plist; sourceTree = "<group>"; };
		110E8C8E1EC43FE900E18803 /* edddsUITests.xctest */ = {isa = PBXFileReference; explicitFileType = wrapper.cfbundle; includeInIndex = 0; path = edddsUITests.xctest; sourceTree = BUILT_PRODUCTS_DIR; };
		110E8C921EC43FE900E18803 /* edddsUITests.m */ = {isa = PBXFileReference; lastKnownFileType = sourcecode.c.objc; path = edddsUITests.m; sourceTree = "<group>"; };
		110E8C941EC43FE900E18803 /* Info.plist */ = {isa = PBXFileReference; lastKnownFileType = text.plist.xml; path = Info.plist; sourceTree = "<group>"; };
/* End PBXFileReference section */

/* Begin PBXFrameworksBuildPhase section */
		110E8C671EC43FE900E18803 /* Frameworks */ = {
			isa = PBXFrameworksBuildPhase;
			buildActionMask = 2147483647;
			files = (
			);
			runOnlyForDeploymentPostprocessing = 0;
		};
		110E8C801EC43FE900E18803 /* Frameworks */ = {
			isa = PBXFrameworksBuildPhase;
			buildActionMask = 2147483647;
			files = (
			);
			runOnlyForDeploymentPostprocessing = 0;
		};
		110E8C8B1EC43FE900E18803 /* Frameworks */ = {
			isa = PBXFrameworksBuildPhase;
			buildActionMask = 2147483647;
			files = (
			);
			runOnlyForDeploymentPostprocessing = 0;
		};
/* End PBXFrameworksBuildPhase section */

/* Begin PBXGroup section */
		110E8C611EC43FE900E18803 = {
			isa = PBXGroup;
			children = (
				110E8C6C1EC43FE900E18803 /* eddds */,
				110E8C861EC43FE900E18803 /* edddsTests */,
				110E8C911EC43FE900E18803 /* edddsUITests */,
				110E8C6B1EC43FE900E18803 /* Products */,
			);
			sourceTree = "<group>";
		};
		110E8C6B1EC43FE900E18803 /* Products */ = {
			isa = PBXGroup;
			children = (
				110E8C6A1EC43FE900E18803 /* eddds.app */,
				110E8C831EC43FE900E18803 /* edddsTests.xctest */,
				110E8C8E1EC43FE900E18803 /* edddsUITests.xctest */,
			);
			name = Products;
			sourceTree = "<group>";
		};
		110E8C6C1EC43FE900E18803 /* eddds */ = {
			isa = PBXGroup;
			children = (
				110E8C701EC43FE900E18803 /* AppDelegate.h */,
				110E8C711EC43FE900E18803 /* AppDelegate.m */,
				110E8C731EC43FE900E18803 /* ViewController.h */,
				110E8C741EC43FE900E18803 /* ViewController.m */,
				110E8C761EC43FE900E18803 /* Main.storyboard */,
				110E8C791EC43FE900E18803 /* Assets.xcassets */,
				110E8C7B1EC43FE900E18803 /* LaunchScreen.storyboard */,
				110E8C7E1EC43FE900E18803 /* Info.plist */,
				110E8C6D1EC43FE900E18803 /* Supporting Files */,
			);
			path = eddds;
			sourceTree = "<group>";
		};
		110E8C6D1EC43FE900E18803 /* Supporting Files */ = {
			isa = PBXGroup;
			children = (
				110E8C6E1EC43FE900E18803 /* main.m */,
			);
			name = "Supporting Files";
			sourceTree = "<group>";
		};
		110E8C861EC43FE900E18803 /* edddsTests */ = {
			isa = PBXGroup;
			children = (
				110E8C871EC43FE900E18803 /* edddsTests.m */,
				110E8C891EC43FE900E18803 /* Info.plist */,
			);
			path = edddsTests;
			sourceTree = "<group>";
		};
		110E8C911EC43FE900E18803 /* edddsUITests */ = {
			isa = PBXGroup;
			children = (
				110E8C921EC43FE900E18803 /* edddsUITests.m */,
				110E8C941EC43FE900E18803 /* Info.plist */,
			);
			path = edddsUITests;
			sourceTree = "<group>";
		};
/* End PBXGroup section */

/* Begin PBXNativeTarget section */
		110E8C691EC43FE900E18803 /* eddds */ = {
			isa = PBXNativeTarget;
			buildConfigurationList = 110E8C971EC43FE900E18803 /* Build configuration list for PBXNativeTarget "eddds" */;
			buildPhases = (
				110E8C661EC43FE900E18803 /* Sources */,
				110E8C671EC43FE900E18803 /* Frameworks */,
				110E8C681EC43FE900E18803 /* Resources */,
			);
			buildRules = (
			);
			dependencies = (
			);
			name = eddds;
			productName = eddds;
			productReference = 110E8C6A1EC43FE900E18803 /* eddds.app */;
			productType = "com.apple.product-type.application";
		};
		110E8C821EC43FE900E18803 /* edddsTests */ = {
			isa = PBXNativeTarget;
			buildConfigurationList = 110E8C9A1EC43FE900E18803 /* Build configuration list for PBXNativeTarget "edddsTests" */;
			buildPhases = (
				110E8C7F1EC43FE900E18803 /* Sources */,
				110E8C801EC43FE900E18803 /* Frameworks */,
				110E8C811EC43FE900E18803 /* Resources */,
			);
			buildRules = (
			);
			dependencies = (
				110E8C851EC43FE900E18803 /* PBXTargetDependency */,
			);
			name = edddsTests;
			productName = edddsTests;
			productReference = 110E8C831EC43FE900E18803 /* edddsTests.xctest */;
			productType = "com.apple.product-type.bundle.unit-test";
		};
		110E8C8D1EC43FE900E18803 /* edddsUITests */ = {
			isa = PBXNativeTarget;
			buildConfigurationList = 110E8C9D1EC43FE900E18803 /* Build configuration list for PBXNativeTarget "edddsUITests" */;
			buildPhases = (
				110E8C8A1EC43FE900E18803 /* Sources */,
				110E8C8B1EC43FE900E18803 /* Frameworks */,
				110E8C8C1EC43FE900E18803 /* Resources */,
			);
			buildRules = (
			);
			dependencies = (
				110E8C901EC43FE900E18803 /* PBXTargetDependency */,
			);
			name = edddsUITests;
			productName = edddsUITests;
			productReference = 110E8C8E1EC43FE900E18803 /* edddsUITests.xctest */;
			productType = "com.apple.product-type.bundle.ui-testing";
		};
/* End PBXNativeTarget section */

/* Begin PBXProject section */
		110E8C621EC43FE900E18803 /* Project object */ = {
			isa = PBXProject;
			attributes = {
				LastUpgradeCheck = 0830;
				ORGANIZATIONNAME = yesdgq;
				TargetAttributes = {
					110E8C691EC43FE900E18803 = {
						CreatedOnToolsVersion = 8.3;
						DevelopmentTeam = J5EPCRFAR9;
						ProvisioningStyle = Automatic;
					};
					110E8C821EC43FE900E18803 = {
						CreatedOnToolsVersion = 8.3;
						DevelopmentTeam = J5EPCRFAR9;
						ProvisioningStyle = Automatic;
						TestTargetID = 110E8C691EC43FE900E18803;
					};
					110E8C8D1EC43FE900E18803 = {
						CreatedOnToolsVersion = 8.3;
						DevelopmentTeam = J5EPCRFAR9;
						ProvisioningStyle = Automatic;
						TestTargetID = 110E8C691EC43FE900E18803;
					};
				};
			};
			buildConfigurationList = 110E8C651EC43FE900E18803 /* Build configuration list for PBXProject "eddds" */;
			compatibilityVersion = "Xcode 3.2";
			developmentRegion = English;
			hasScannedForEncodings = 0;
			knownRegions = (
				en,
				Base,
			);
			mainGroup = 110E8C611EC43FE900E18803;
			productRefGroup = 110E8C6B1EC43FE900E18803 /* Products */;
			projectDirPath = "";
			projectRoot = "";
			targets = (
				110E8C691EC43FE900E18803 /* eddds */,
				110E8C821EC43FE900E18803 /* edddsTests */,
				110E8C8D1EC43FE900E18803 /* edddsUITests */,
			);
		};
/* End PBXProject section */

/* Begin PBXResourcesBuildPhase section */
		110E8C681EC43FE900E18803 /* Resources */ = {
			isa = PBXResourcesBuildPhase;
			buildActionMask = 2147483647;
			files = (
				110E8C7D1EC43FE900E18803 /* LaunchScreen.storyboard in Resources */,
				110E8C7A1EC43FE900E18803 /* Assets.xcassets in Resources */,
				110E8C781EC43FE900E18803 /* Main.storyboard in Resources */,
			);
			runOnlyForDeploymentPostprocessing = 0;
		};
		110E8C811EC43FE900E18803 /* Resources */ = {
			isa = PBXResourcesBuildPhase;
			buildActionMask = 2147483647;
			files = (
			);
			runOnlyForDeploymentPostprocessing = 0;
		};
		110E8C8C1EC43FE900E18803 /* Resources */ = {
			isa = PBXResourcesBuildPhase;
			buildActionMask = 2147483647;
			files = (
			);
			runOnlyForDeploymentPostprocessing = 0;
		};
/* End PBXResourcesBuildPhase section */

/* Begin PBXSourcesBuildPhase section */
		110E8C661EC43FE900E18803 /* Sources */ = {
			isa = PBXSourcesBuildPhase;
			buildActionMask = 2147483647;
			files = (
				110E8C751EC43FE900E18803 /* ViewController.m in Sources */,
				110E8C721EC43FE900E18803 /* AppDelegate.m in Sources */,
				110E8C6F1EC43FE900E18803 /* main.m in Sources */,
			);
			runOnlyForDeploymentPostprocessing = 0;
		};
		110E8C7F1EC43FE900E18803 /* Sources */ = {
			isa = PBXSourcesBuildPhase;
			buildActionMask = 2147483647;
			files = (
				110E8C881EC43FE900E18803 /* edddsTests.m in Sources */,
			);
			runOnlyForDeploymentPostprocessing = 0;
		};
		110E8C8A1EC43FE900E18803 /* Sources */ = {
			isa = PBXSourcesBuildPhase;
			buildActionMask = 2147483647;
			files = (
				110E8C931EC43FE900E18803 /* edddsUITests.m in Sources */,
			);
			runOnlyForDeploymentPostprocessing = 0;
		};
/* End PBXSourcesBuildPhase section */

/* Begin PBXTargetDependency section */
		110E8C851EC43FE900E18803 /* PBXTargetDependency */ = {
			isa = PBXTargetDependency;
			target = 110E8C691EC43FE900E18803 /* eddds */;
			targetProxy = 110E8C841EC43FE900E18803 /* PBXContainerItemProxy */;
		};
		110E8C901EC43FE900E18803 /* PBXTargetDependency */ = {
			isa = PBXTargetDependency;
			target = 110E8C691EC43FE900E18803 /* eddds */;
			targetProxy = 110E8C8F1EC43FE900E18803 /* PBXContainerItemProxy */;
		};
/* End PBXTargetDependency section */

/* Begin PBXVariantGroup section */
		110E8C761EC43FE900E18803 /* Main.storyboard */ = {
			isa = PBXVariantGroup;
			children = (
				110E8C771EC43FE900E18803 /* Base */,
			);
			name = Main.storyboard;
			sourceTree = "<group>";
		};
		110E8C7B1EC43FE900E18803 /* LaunchScreen.storyboard */ = {
			isa = PBXVariantGroup;
			children = (
				110E8C7C1EC43FE900E18803 /* Base */,
			);
			name = LaunchScreen.storyboard;
			sourceTree = "<group>";
		};
/* End PBXVariantGroup section */

/* Begin XCBuildConfiguration section */
		110E8C951EC43FE900E18803 /* Debug */ = {
			isa = XCBuildConfiguration;
			buildSettings = {
				ALWAYS_SEARCH_USER_PATHS = NO;
				CLANG_ANALYZER_NONNULL = YES;
				CLANG_ANALYZER_NUMBER_OBJECT_CONVERSION = YES_AGGRESSIVE;
				CLANG_CXX_LANGUAGE_STANDARD = "gnu++0x";
				CLANG_CXX_LIBRARY = "libc++";
				CLANG_ENABLE_MODULES = YES;
				CLANG_ENABLE_OBJC_ARC = YES;
				CLANG_WARN_BOOL_CONVERSION = YES;
				CLANG_WARN_CONSTANT_CONVERSION = YES;
				CLANG_WARN_DIRECT_OBJC_ISA_USAGE = YES_ERROR;
				CLANG_WARN_DOCUMENTATION_COMMENTS = YES;
				CLANG_WARN_EMPTY_BODY = YES;
				CLANG_WARN_ENUM_CONVERSION = YES;
				CLANG_WARN_INFINITE_RECURSION = YES;
				CLANG_WARN_INT_CONVERSION = YES;
				CLANG_WARN_OBJC_ROOT_CLASS = YES_ERROR;
				CLANG_WARN_SUSPICIOUS_MOVE = YES;
				CLANG_WARN_UNREACHABLE_CODE = YES;
				CLANG_WARN__DUPLICATE_METHOD_MATCH = YES;
				"CODE_SIGN_IDENTITY[sdk=iphoneos*]" = "iPhone Developer";
				COPY_PHASE_STRIP = NO;
				DEBUG_INFORMATION_FORMAT = dwarf;
				ENABLE_STRICT_OBJC_MSGSEND = YES;
				ENABLE_TESTABILITY = YES;
				GCC_C_LANGUAGE_STANDARD = gnu99;
				GCC_DYNAMIC_NO_PIC = NO;
				GCC_NO_COMMON_BLOCKS = YES;
				GCC_OPTIMIZATION_LEVEL = 0;
				GCC_PREPROCESSOR_DEFINITIONS = (
					"DEBUG=1",
					"$(inherited)",
				);
				GCC_WARN_64_TO_32_BIT_CONVERSION = YES;
				GCC_WARN_ABOUT_RETURN_TYPE = YES_ERROR;
				GCC_WARN_UNDECLARED_SELECTOR = YES;
				GCC_WARN_UNINITIALIZED_AUTOS = YES_AGGRESSIVE;
				GCC_WARN_UNUSED_FUNCTION = YES;
				GCC_WARN_UNUSED_VARIABLE = YES;
				IPHONEOS_DEPLOYMENT_TARGET = 10.3;
				MTL_ENABLE_DEBUG_INFO = YES;
				ONLY_ACTIVE_ARCH = YES;
				SDKROOT = iphoneos;
			};
			name = Debug;
		};
		110E8C961EC43FE900E18803 /* Release */ = {
			isa = XCBuildConfiguration;
			buildSettings = {
				ALWAYS_SEARCH_USER_PATHS = NO;
				CLANG_ANALYZER_NONNULL = YES;
				CLANG_ANALYZER_NUMBER_OBJECT_CONVERSION = YES_AGGRESSIVE;
				CLANG_CXX_LANGUAGE_STANDARD = "gnu++0x";
				CLANG_CXX_LIBRARY = "libc++";
				CLANG_ENABLE_MODULES = YES;
				CLANG_ENABLE_OBJC_ARC = YES;
				CLANG_WARN_BOOL_CONVERSION = YES;
				CLANG_WARN_CONSTANT_CONVERSION = YES;
				CLANG_WARN_DIRECT_OBJC_ISA_USAGE = YES_ERROR;
				CLANG_WARN_DOCUMENTATION_COMMENTS = YES;
				CLANG_WARN_EMPTY_BODY = YES;
				CLANG_WARN_ENUM_CONVERSION = YES;
				CLANG_WARN_INFINITE_RECURSION = YES;
				CLANG_WARN_INT_CONVERSION = YES;
				CLANG_WARN_OBJC_ROOT_CLASS = YES_ERROR;
				CLANG_WARN_SUSPICIOUS_MOVE = YES;
				CLANG_WARN_UNREACHABLE_CODE = YES;
				CLANG_WARN__DUPLICATE_METHOD_MATCH = YES;
				"CODE_SIGN_IDENTITY[sdk=iphoneos*]" = "iPhone Developer";
				COPY_PHASE_STRIP = NO;
				DEBUG_INFORMATION_FORMAT = "dwarf-with-dsym";
				ENABLE_NS_ASSERTIONS = NO;
				ENABLE_STRICT_OBJC_MSGSEND = YES;
				GCC_C_LANGUAGE_STANDARD = gnu99;
				GCC_NO_COMMON_BLOCKS = YES;
				GCC_WARN_64_TO_32_BIT_CONVERSION = YES;
				GCC_WARN_ABOUT_RETURN_TYPE = YES_ERROR;
				GCC_WARN_UNDECLARED_SELECTOR = YES;
				GCC_WARN_UNINITIALIZED_AUTOS = YES_AGGRESSIVE;
				GCC_WARN_UNUSED_FUNCTION = YES;
				GCC_WARN_UNUSED_VARIABLE = YES;
				IPHONEOS_DEPLOYMENT_TARGET = 10.3;
				MTL_ENABLE_DEBUG_INFO = NO;
				SDKROOT = iphoneos;
				VALIDATE_PRODUCT = YES;
			};
			name = Release;
		};
		110E8C981EC43FE900E18803 /* Debug */ = {
			isa = XCBuildConfiguration;
			buildSettings = {
				ASSETCATALOG_COMPILER_APPICON_NAME = AppIcon;
				DEVELOPMENT_TEAM = J5EPCRFAR9;
				INFOPLIST_FILE = eddds/Info.plist;
				LD_RUNPATH_SEARCH_PATHS = "$(inherited) @executable_path/Frameworks";
				PRODUCT_BUNDLE_IDENTIFIER = P.R.China.eddds;
				PRODUCT_NAME = "$(TARGET_NAME)";
			};
			name = Debug;
		};
		110E8C991EC43FE900E18803 /* Release */ = {
			isa = XCBuildConfiguration;
			buildSettings = {
				ASSETCATALOG_COMPILER_APPICON_NAME = AppIcon;
				DEVELOPMENT_TEAM = J5EPCRFAR9;
				INFOPLIST_FILE = eddds/Info.plist;
				LD_RUNPATH_SEARCH_PATHS = "$(inherited) @executable_path/Frameworks";
				PRODUCT_BUNDLE_IDENTIFIER = P.R.China.eddds;
				PRODUCT_NAME = "$(TARGET_NAME)";
			};
			name = Release;
		};
		110E8C9B1EC43FE900E18803 /* Debug */ = {
			isa = XCBuildConfiguration;
			buildSettings = {
				BUNDLE_LOADER = "$(TEST_HOST)";
				DEVELOPMENT_TEAM = J5EPCRFAR9;
				INFOPLIST_FILE = edddsTests/Info.plist;
				LD_RUNPATH_SEARCH_PATHS = "$(inherited) @executable_path/Frameworks @loader_path/Frameworks";
				PRODUCT_BUNDLE_IDENTIFIER = P.R.China.edddsTests;
				PRODUCT_NAME = "$(TARGET_NAME)";
				TEST_HOST = "$(BUILT_PRODUCTS_DIR)/eddds.app/eddds";
			};
			name = Debug;
		};
		110E8C9C1EC43FE900E18803 /* Release */ = {
			isa = XCBuildConfiguration;
			buildSettings = {
				BUNDLE_LOADER = "$(TEST_HOST)";
				DEVELOPMENT_TEAM = J5EPCRFAR9;
				INFOPLIST_FILE = edddsTests/Info.plist;
				LD_RUNPATH_SEARCH_PATHS = "$(inherited) @executable_path/Frameworks @loader_path/Frameworks";
				PRODUCT_BUNDLE_IDENTIFIER = P.R.China.edddsTests;
				PRODUCT_NAME = "$(TARGET_NAME)";
				TEST_HOST = "$(BUILT_PRODUCTS_DIR)/eddds.app/eddds";
			};
			name = Release;
		};
		110E8C9E1EC43FE900E18803 /* Debug */ = {
			isa = XCBuildConfiguration;
			buildSettings = {
				DEVELOPMENT_TEAM = J5EPCRFAR9;
				INFOPLIST_FILE = edddsUITests/Info.plist;
				LD_RUNPATH_SEARCH_PATHS = "$(inherited) @executable_path/Frameworks @loader_path/Frameworks";
				PRODUCT_BUNDLE_IDENTIFIER = P.R.China.edddsUITests;
				PRODUCT_NAME = "$(TARGET_NAME)";
				TEST_TARGET_NAME = eddds;
			};
			name = Debug;
		};
		110E8C9F1EC43FE900E18803 /* Release */ = {
			isa = XCBuildConfiguration;
			buildSettings = {
				DEVELOPMENT_TEAM = J5EPCRFAR9;
				INFOPLIST_FILE = edddsUITests/Info.plist;
				LD_RUNPATH_SEARCH_PATHS = "$(inherited) @executable_path/Frameworks @loader_path/Frameworks";
				PRODUCT_BUNDLE_IDENTIFIER = P.R.China.edddsUITests;
				PRODUCT_NAME = "$(TARGET_NAME)";
				TEST_TARGET_NAME = eddds;
			};
			name = Release;
		};
/* End XCBuildConfiguration section */

/* Begin XCConfigurationList section */
		110E8C651EC43FE900E18803 /* Build configuration list for PBXProject "eddds" */ = {
			isa = XCConfigurationList;
			buildConfigurations = (
				110E8C951EC43FE900E18803 /* Debug */,
				110E8C961EC43FE900E18803 /* Release */,
			);
			defaultConfigurationIsVisible = 0;
			defaultConfigurationName = Release;
		};
		110E8C971EC43FE900E18803 /* Build configuration list for PBXNativeTarget "eddds" */ = {
			isa = XCConfigurationList;
			buildConfigurations = (
				110E8C981EC43FE900E18803 /* Debug */,
				110E8C991EC43FE900E18803 /* Release */,
			);
			defaultConfigurationIsVisible = 0;
		};
		110E8C9A1EC43FE900E18803 /* Build configuration list for PBXNativeTarget "edddsTests" */ = {
			isa = XCConfigurationList;
			buildConfigurations = (
				110E8C9B1EC43FE900E18803 /* Debug */,
				110E8C9C1EC43FE900E18803 /* Release */,
			);
			defaultConfigurationIsVisible = 0;
		};
		110E8C9D1EC43FE900E18803 /* Build configuration list for PBXNativeTarget "edddsUITests" */ = {
			isa = XCConfigurationList;
			buildConfigurations = (
				110E8C9E1EC43FE900E18803 /* Debug */,
				110E8C9F1EC43FE900E18803 /* Release */,
			);
			defaultConfigurationIsVisible = 0;
		};
/* End XCConfigurationList section */
	};
	rootObject = 110E8C621EC43FE900E18803 /* Project object */;
}
